<?xml version="1.0" encoding="utf-8"?>
<Project ToolsVersion="4.0" xmlns="http://schemas.microsoft.com/developer/msbuild/2003">
  <ItemGroup>
    <Filter Include="Quelldateien">
      <UniqueIdentifier>{4FC737F1-C7A5-4376-A066-2A32D752A2FF}</UniqueIdentifier>
      <Extensions>cpp;c;cc;cxx;def;odl;idl;hpj;bat;asm;asmx</Extensions>
    </Filter>
    <Filter Include="Headerdateien">
      <UniqueIdentifier>{93995380-89BD-4b04-88EB-625FBE52EBFB}</UniqueIdentifier>
      <Extensions>h;hh;hpp;hxx;hm;inl;inc;ipp;xsd</Extensions>
    </Filter>
    <Filter Include="Ressourcendateien">
      <UniqueIdentifier>{67DA6AB6-F800-4c08-8B7A-83BB121AAD01}</UniqueIdentifier>
      <Extensions>rc;ico;cur;bmp;dlg;rc2;rct;bin;rgs;gif;jpg;jpeg;jpe;resx;tiff;tif;png;wav;mfcribbon-ms</Extensions>
    </Filter>
    <Filter Include="Quelldateien\Engine">
      <UniqueIdentifier>{63d5a4f9-55c1-4666-8d02-9db4bb47ae22}</UniqueIdentifier>
    </Filter>
    <Filter Include="Quelldateien\Example">
      <UniqueIdentifier>{3c2e1b0b-f914-4927-aa9a-f53efa343423}</UniqueIdentifier>
    </Filter>
    <Filter Include="Quelldateien\Tools">
      <UniqueIdentifier>{aa00f2fb-ce42-47b5-9780-452c6fd3e752}</UniqueIdentifier>
    </Filter>
    <Filter Include="Quelldateien\Engine\vs">
      <UniqueIdentifier>{942011a0-b76b-4dcd-aaf5-239f023c55dd}</UniqueIdentifier>
    </Filter>
  </ItemGroup>
  <ItemGroup>
    <ClInclude Include="stdafx.h">
      <Filter>Headerdateien</Filter>
    </ClInclude>
    <ClInclude Include="targetver.h">
      <Filter>Headerdateien</Filter>
    </ClInclude>
    <ClInclude Include="..\..\engine\bitmap.h">
      <Filter>Quelldateien\Engine</Filter>
    </ClInclude>
    <ClInclude Include="..\..\engine\bmpcache.h">
      <Filter>Quelldateien\Engine</Filter>
    </ClInclude>
    <ClInclude Include="..\..\engine\bmpfile.h">
      <Filter>Quelldateien\Engine</Filter>
    </ClInclude>
    <ClInclude Include="..\..\engine\bset.h">
      <Filter>Quelldateien\Engine</Filter>
    </ClInclude>
    <ClInclude Include="..\..\engine\config.h">
      <Filter>Quelldateien\Engine</Filter>
    </ClInclude>
    <ClInclude Include="..\..\engine\draw.h">
      <Filter>Quelldateien\Engine</Filter>
    </ClInclude>
    <ClInclude Include="..\..\engine\gamepad.h">
      <Filter>Quelldateien\Engine</Filter>
    </ClInclude>
    <ClInclude Include="..\..\engine\geometry.h">
      <Filter>Quelldateien\Engine</Filter>
    </ClInclude>
    <ClInclude Include="..\..\engine\geometry_scalar.h">
      <Filter>Quelldateien\Engine</Filter>
    </ClInclude>
    <ClInclude Include="..\..\engine\geometry_simd.h">
      <Filter>Quelldateien\Engine</Filter>
    </ClInclude>
    <ClInclude Include="..\..\engine\global.h">
      <Filter>Quelldateien\Engine</Filter>
    </ClInclude>
    <ClInclude Include="..\..\engine\le3d.h">
      <Filter>Quelldateien\Engine</Filter>
    </ClInclude>
    <ClInclude Include="..\..\engine\light.h">
      <Filter>Quelldateien\Engine</Filter>
    </ClInclude>
    <ClInclude Include="..\..\engine\mesh.h">
      <Filter>Quelldateien\Engine</Filter>
    </ClInclude>
    <ClInclude Include="..\..\engine\meshcache.h">
      <Filter>Quelldateien\Engine</Filter>
    </ClInclude>
    <ClInclude Include="..\..\engine\objfile.h">
      <Filter>Quelldateien\Engine</Filter>
    </ClInclude>
    <ClInclude Include="..\..\engine\rasterizer.h">
      <Filter>Quelldateien\Engine</Filter>
    </ClInclude>
    <ClInclude Include="..\..\engine\rasterizer_float.h">
      <Filter>Quelldateien\Engine</Filter>
    </ClInclude>
    <ClInclude Include="..\..\engine\rasterizer_integer.h">
      <Filter>Quelldateien\Engine</Filter>
    </ClInclude>
    <ClInclude Include="..\..\engine\renderer.h">
      <Filter>Quelldateien\Engine</Filter>
    </ClInclude>
    <ClInclude Include="..\..\engine\simd.h">
      <Filter>Quelldateien\Engine</Filter>
    </ClInclude>
    <ClInclude Include="..\..\engine\trilist.h">
      <Filter>Quelldateien\Engine</Filter>
    </ClInclude>
    <ClInclude Include="..\..\engine\verlist.h">
      <Filter>Quelldateien\Engine</Filter>
    </ClInclude>
    <ClInclude Include="..\..\engine\window.h">
      <Filter>Quelldateien\Engine</Filter>
    </ClInclude>
    <ClInclude Include="..\..\tools\timing.h">
      <Filter>Quelldateien\Tools</Filter>
    </ClInclude>
    <ClInclude Include="..\..\tools\physics.h">
      <Filter>Quelldateien\Tools</Filter>
    </ClInclude>
    <ClInclude Include="..\..\engine\vs\vs-dirent.h">
      <Filter>Quelldateien\Engine\vs</Filter>
    </ClInclude>
  </ItemGroup>
  <ItemGroup>
    <ClCompile Include="..\..\engine\bitmap.cpp">
      <Filter>Quelldateien\Engine</Filter>
    </ClCompile>
    <ClCompile Include="..\..\engine\bmpcache.cpp">
      <Filter>Quelldateien\Engine</Filter>
    </ClCompile>
    <ClCompile Include="..\..\engine\bmpfile.cpp">
      <Filter>Quelldateien\Engine</Filter>
    </ClCompile>
    <ClCompile Include="..\..\engine\bset.cpp">
      <Filter>Quelldateien\Engine</Filter>
    </ClCompile>
    <ClCompile Include="..\..\engine\draw_win.cpp">
      <Filter>Quelldateien\Engine</Filter>
    </ClCompile>
    <ClCompile Include="..\..\engine\gamepad_win.cpp">
      <Filter>Quelldateien\Engine</Filter>
    </ClCompile>
    <ClCompile Include="..\..\engine\geometry.cpp">
      <Filter>Quelldateien\Engine</Filter>
    </ClCompile>
    <ClCompile Include="..\..\engine\global.cpp">
      <Filter>Quelldateien\Engine</Filter>
    </ClCompile>
    <ClCompile Include="..\..\engine\light.cpp">
      <Filter>Quelldateien\Engine</Filter>
    </ClCompile>
    <ClCompile Include="..\..\engine\mesh.cpp">
      <Filter>Quelldateien\Engine</Filter>
    </ClCompile>
    <ClCompile Include="..\..\engine\meshcache.cpp">
      <Filter>Quelldateien\Engine</Filter>
    </ClCompile>
    <ClCompile Include="..\..\engine\objfile.cpp">
      <Filter>Quelldateien\Engine</Filter>
    </ClCompile>
    <ClCompile Include="..\..\engine\rasterizer_float.cpp">
      <Filter>Quelldateien\Engine</Filter>
    </ClCompile>
    <ClCompile Include="..\..\engine\rasterizer_integer.cpp">
      <Filter>Quelldateien\Engine</Filter>
    </ClCompile>
    <ClCompile Include="..\..\engine\renderer.cpp">
      <Filter>Quelldateien\Engine</Filter>
    </ClCompile>
    <ClCompile Include="..\..\engine\trilist.cpp">
      <Filter>Quelldateien\Engine</Filter>
    </ClCompile>
    <ClCompile Include="..\..\engine\verlist.cpp">
      <Filter>Quelldateien\Engine</Filter>
    </ClCompile>
    <ClCompile Include="..\..\engine\window_win.cpp">
      <Filter>Quelldateien\Engine</Filter>
    </ClCompile>
    <ClCompile Include="cube_win.cpp">
      <Filter>Quelldateien\Example</Filter>
    </ClCompile>
    <ClCompile Include="..\..\tools\timing_win.cpp">
      <Filter>Quelldateien\Tools</Filter>
    </ClCompile>
    <ClCompile Include="..\..\tools\physics.cpp">
      <Filter>Quelldateien\Tools</Filter>
    </ClCompile>
  </ItemGroup>
</Project>