<?xml version="1.0" encoding="UTF-8" standalone="yes" ?>
<CodeBlocks_project_file>
	<FileVersion major="1" minor="6" />
	<Project>
		<Option title="cube" />
		<Option pch_mode="2" />
		<Option compiler="gcc" />
		<Build>
			<Target title="Debug">
				<Option output="bin/Debug/cube" prefix_auto="1" extension_auto="1" />
				<Option object_output="obj/Debug/" />
				<Option type="1" />
				<Option compiler="gcc" />
				<Compiler>
					<Add option="-g" />
				</Compiler>
			</Target>
			<Target title="Release">
				<Option output="bin/Release/cube" prefix_auto="1" extension_auto="1" />
				<Option object_output="obj/Release/" />
				<Option type="1" />
				<Option compiler="gcc" />
				<Compiler>
					<Add option="-O2" />
				</Compiler>
				<Linker>
					<Add option="-s" />
				</Linker>
			</Target>
		</Build>
		<Compiler>
			<Add option="-march=pentium4" />
			<Add option="-Wall" />
			<Add option="-m32" />
			<Add option="-std=gnu11" />
			<Add option="-mmmx" />
			<Add option="-msse" />
			<Add option="-msse2" />
			<Add option="-ffast-math" />
			<Add option="-mfpmath=sse" />
			<Add option="-fno-exceptions" />
			<Add option="-fno-rtti" />
			<Add option="-fno-stack-protector" />
			<Add option="-fno-math-errno" />
			<Add option="-fno-ident" />
			<Add option="-ffunction-sections" />
			<Add option="-D__MSVCRT_VERSION__=0x0700" />
			<Add directory="../../../le3d" />
		</Compiler>
		<Linker>
			<Add option="-m32" />
			<Add option="-Wl,--gc-sections" />
			<Add option="-static-libgcc" />
			<Add library="gdi32" />
			<Add library="winmm" />
		</Linker>
		<Unit filename="../../engine/LICENSE" />
		<Unit filename="../../engine/bitmap.cpp" />
		<Unit filename="../../engine/bitmap.h" />
		<Unit filename="../../engine/bmpcache.cpp" />
		<Unit filename="../../engine/bmpcache.h" />
		<Unit filename="../../engine/bmpfile.cpp" />
		<Unit filename="../../engine/bmpfile.h" />
		<Unit filename="../../engine/bset.cpp" />
		<Unit filename="../../engine/bset.h" />
		<Unit filename="../../engine/config.h" />
		<Unit filename="../../engine/draw.cpp" />
		<Unit filename="../../engine/draw.h" />
		<Unit filename="../../engine/gamepad.cpp" />
		<Unit filename="../../engine/gamepad.h" />
		<Unit filename="../../engine/geometry.cpp" />
		<Unit filename="../../engine/geometry.h" />
		<Unit filename="../../engine/geometry_scalar.h" />
		<Unit filename="../../engine/geometry_simd.h" />
		<Unit filename="../../engine/global.cpp" />
		<Unit filename="../../engine/global.h" />
		<Unit filename="../../engine/le3d.h" />
		<Unit filename="../../engine/light.cpp" />
		<Unit filename="../../engine/light.h" />
		<Unit filename="../../engine/mesh.cpp" />
		<Unit filename="../../engine/mesh.h" />
		<Unit filename="../../engine/meshcache.cpp" />
		<Unit filename="../../engine/meshcache.h" />
		<Unit filename="../../engine/objfile.cpp" />
		<Unit filename="../../engine/objfile.h" />
		<Unit filename="../../engine/rasterizer.h" />
		<Unit filename="../../engine/rasterizer_float.cpp" />
		<Unit filename="../../engine/rasterizer_float.h" />
		<Unit filename="../../engine/rasterizer_integer.cpp" />
		<Unit filename="../../engine/rasterizer_integer.h" />
		<Unit filename="../../engine/renderer.cpp" />
		<Unit filename="../../engine/renderer.h" />
		<Unit filename="../../engine/simd.h" />
		<Unit filename="../../engine/trilist.cpp" />
		<Unit filename="../../engine/trilist.h" />
		<Unit filename="../../engine/verlist.cpp" />
		<Unit filename="../../engine/verlist.h" />
		<Unit filename="../../engine/window.cpp" />
		<Unit filename="../../engine/window.h" />
		<Unit filename="../../tools/physics.cpp" />
		<Unit filename="../../tools/physics.h" />
		<Unit filename="../../tools/timing.cpp" />
		<Unit filename="../../tools/timing.h" />
		<Unit filename="cube.cpp" />
		<Extensions>
			<code_completion />
			<envvars />
			<debugger />
		</Extensions>
	</Project>
</CodeBlocks_project_file>
